
Microsoft Visual Studio Solution File, Format Version 12.00
# Visual Studio Version 17
VisualStudioVersion = 17.7.34202.233
MinimumVisualStudioVersion = 10.0.40219.1
Project("{FAE04EC0-301F-11D3-BF4B-00C04F79EFBC}") = "Images.UWP", "Images\Images.UWP\Images.UWP.csproj", "{2BAA37AD-1BCE-43A8-A141-FAB4D92FA99E}"
EndProject
Project("{FAE04EC0-301F-11D3-BF4B-00C04F79EFBC}") = "Images.Android", "Images\Images.Android\Images.Android.csproj", "{5CF2ED25-1C61-4B00-84F5-9509931BE237}"
EndProject
Project("{FAE04EC0-301F-11D3-BF4B-00C04F79EFBC}") = "Images.iOS", "Images\Images.iOS\Images.iOS.csproj", "{6A8DB04D-57B6-4B75-A0A7-CBD7D0500790}"
EndProject
Project("{FAE04EC0-301F-11D3-BF4B-00C04F79EFBC}") = "Images", "Images\Images\Images.csproj", "{E3A2D630-8C13-42F0-9F96-B4957BEB6311}"
EndProject
Global
	GlobalSection(SolutionConfigurationPlatforms) = preSolution
		Debug|Any CPU = Debug|Any CPU
		Debug|ARM = Debug|ARM
		Debug|iPhone = Debug|iPhone
		Debug|iPhoneSimulator = Debug|iPhoneSimulator
		Debug|x64 = Debug|x64
		Debug|x86 = Debug|x86
		Release|Any CPU = Release|Any CPU
		Release|ARM = Release|ARM
		Release|iPhone = Release|iPhone
		Release|iPhoneSimulator = Release|iPhoneSimulator
		Release|x64 = Release|x64
		Release|x86 = Release|x86
	EndGlobalSection
	GlobalSection(ProjectConfigurationPlatforms) = postSolution
		{2BAA37AD-1BCE-43A8-A141-FAB4D92FA99E}.Debug|Any CPU.ActiveCfg = Debug|x64
		{2BAA37AD-1BCE-43A8-A141-FAB4D92FA99E}.Debug|Any CPU.Build.0 = Debug|x64
		{2BAA37AD-1BCE-43A8-A141-FAB4D92FA99E}.Debug|Any CPU.Deploy.0 = Debug|x64
		{2BAA37AD-1BCE-43A8-A141-FAB4D92FA99E}.Debug|ARM.ActiveCfg = Debug|ARM
		{2BAA37AD-1BCE-43A8-A141-FAB4D92FA99E}.Debug|ARM.Build.0 = Debug|ARM
		{2BAA37AD-1BCE-43A8-A141-FAB4D92FA99E}.Debug|ARM.Deploy.0 = Debug|ARM
		{2BAA37AD-1BCE-43A8-A141-FAB4D92FA99E}.Debug|iPhone.ActiveCfg = Debug|x64
		{2BAA37AD-1BCE-43A8-A141-FAB4D92FA99E}.Debug|iPhone.Build.0 = Debug|x64
		{2BAA37AD-1BCE-43A8-A141-FAB4D92FA99E}.Debug|iPhone.Deploy.0 = Debug|x64
		{2BAA37AD-1BCE-43A8-A141-FAB4D92FA99E}.Debug|iPhoneSimulator.ActiveCfg = Debug|x64
		{2BAA37AD-1BCE-43A8-A141-FAB4D92FA99E}.Debug|iPhoneSimulator.Build.0 = Debug|x64
		{2BAA37AD-1BCE-43A8-A141-FAB4D92FA99E}.Debug|iPhoneSimulator.Deploy.0 = Debug|x64
		{2BAA37AD-1BCE-43A8-A141-FAB4D92FA99E}.Debug|x64.ActiveCfg = Debug|x64
		{2BAA37AD-1BCE-43A8-A141-FAB4D92FA99E}.Debug|x64.Build.0 = Debug|x64
		{2BAA37AD-1BCE-43A8-A141-FAB4D92FA99E}.Debug|x64.Deploy.0 = Debug|x64
		{2BAA37AD-1BCE-43A8-A141-FAB4D92FA99E}.Debug|x86.ActiveCfg = Debug|x86
		{2BAA37AD-1BCE-43A8-A141-FAB4D92FA99E}.Debug|x86.Build.0 = Debug|x86
		{2BAA37AD-1BCE-43A8-A141-FAB4D92FA99E}.Debug|x86.Deploy.0 = Debug|x86
		{2BAA37AD-1BCE-43A8-A141-FAB4D92FA99E}.Release|Any CPU.ActiveCfg = Release|x64
		{2BAA37AD-1BCE-43A8-A141-FAB4D92FA99E}.Release|Any CPU.Build.0 = Release|x64
		{2BAA37AD-1BCE-43A8-A141-FAB4D92FA99E}.Release|Any CPU.Deploy.0 = Release|x64
		{2BAA37AD-1BCE-43A8-A141-FAB4D92FA99E}.Release|ARM.ActiveCfg = Release|ARM
		{2BAA37AD-1BCE-43A8-A141-FAB4D92FA99E}.Release|ARM.Build.0 = Release|ARM
		{2BAA37AD-1BCE-43A8-A141-FAB4D92FA99E}.Release|ARM.Deploy.0 = Release|ARM
		{2BAA37AD-1BCE-43A8-A141-FAB4D92FA99E}.Release|iPhone.ActiveCfg = Release|x64
		{2BAA37AD-1BCE-43A8-A141-FAB4D92FA99E}.Release|iPhone.Build.0 = Release|x64
		{2BAA37AD-1BCE-43A8-A141-FAB4D92FA99E}.Release|iPhone.Deploy.0 = Release|x64
		{2BAA37AD-1BCE-43A8-A141-FAB4D92FA99E}.Release|iPhoneSimulator.ActiveCfg = Release|x64
		{2BAA37AD-1BCE-43A8-A141-FAB4D92FA99E}.Release|iPhoneSimulator.Build.0 = Release|x64
		{2BAA37AD-1BCE-43A8-A141-FAB4D92FA99E}.Release|iPhoneSimulator.Deploy.0 = Release|x64
		{2BAA37AD-1BCE-43A8-A141-FAB4D92FA99E}.Release|x64.ActiveCfg = Release|x64
		{2BAA37AD-1BCE-43A8-A141-FAB4D92FA99E}.Release|x64.Build.0 = Release|x64
		{2BAA37AD-1BCE-43A8-A141-FAB4D92FA99E}.Release|x64.Deploy.0 = Release|x64
		{2BAA37AD-1BCE-43A8-A141-FAB4D92FA99E}.Release|x86.ActiveCfg = Release|x86
		{2BAA37AD-1BCE-43A8-A141-FAB4D92FA99E}.Release|x86.Build.0 = Release|x86
		{2BAA37AD-1BCE-43A8-A141-FAB4D92FA99E}.Release|x86.Deploy.0 = Release|x86
		{5CF2ED25-1C61-4B00-84F5-9509931BE237}.Debug|Any CPU.ActiveCfg = Debug|Any CPU
		{5CF2ED25-1C61-4B00-84F5-9509931BE237}.Debug|Any CPU.Build.0 = Debug|Any CPU
		{5CF2ED25-1C61-4B00-84F5-9509931BE237}.Debug|Any CPU.Deploy.0 = Debug|Any CPU
		{5CF2ED25-1C61-4B00-84F5-9509931BE237}.Debug|ARM.ActiveCfg = Debug|Any CPU
		{5CF2ED25-1C61-4B00-84F5-9509931BE237}.Debug|ARM.Build.0 = Debug|Any CPU
		{5CF2ED25-1C61-4B00-84F5-9509931BE237}.Debug|ARM.Deploy.0 = Debug|Any CPU
		{5CF2ED25-1C61-4B00-84F5-9509931BE237}.Debug|iPhone.ActiveCfg = Debug|Any CPU
		{5CF2ED25-1C61-4B00-84F5-9509931BE237}.Debug|iPhone.Build.0 = Debug|Any CPU
		{5CF2ED25-1C61-4B00-84F5-9509931BE237}.Debug|iPhone.Deploy.0 = Debug|Any CPU
		{5CF2ED25-1C61-4B00-84F5-9509931BE237}.Debug|iPhoneSimulator.ActiveCfg = Debug|Any CPU
		{5CF2ED25-1C61-4B00-84F5-9509931BE237}.Debug|iPhoneSimulator.Build.0 = Debug|Any CPU
		{5CF2ED25-1C61-4B00-84F5-9509931BE237}.Debug|iPhoneSimulator.Deploy.0 = Debug|Any CPU
		{5CF2ED25-1C61-4B00-84F5-9509931BE237}.Debug|x64.ActiveCfg = Debug|Any CPU
		{5CF2ED25-1C61-4B00-84F5-9509931BE237}.Debug|x64.Build.0 = Debug|Any CPU
		{5CF2ED25-1C61-4B00-84F5-9509931BE237}.Debug|x64.Deploy.0 = Debug|Any CPU
		{5CF2ED25-1C61-4B00-84F5-9509931BE237}.Debug|x86.ActiveCfg = Debug|Any CPU
		{5CF2ED25-1C61-4B00-84F5-9509931BE237}.Debug|x86.Build.0 = Debug|Any CPU
		{5CF2ED25-1C61-4B00-84F5-9509931BE237}.Debug|x86.Deploy.0 = Debug|Any CPU
		{5CF2ED25-1C61-4B00-84F5-9509931BE237}.Release|Any CPU.ActiveCfg = Release|Any CPU
		{5CF2ED25-1C61-4B00-84F5-9509931BE237}.Release|Any CPU.Build.0 = Release|Any CPU
		{5CF2ED25-1C61-4B00-84F5-9509931BE237}.Release|Any CPU.Deploy.0 = Release|Any CPU
		{5CF2ED25-1C61-4B00-84F5-9509931BE237}.Release|ARM.ActiveCfg = Release|Any CPU
		{5CF2ED25-1C61-4B00-84F5-9509931BE237}.Release|ARM.Build.0 = Release|Any CPU
		{5CF2ED25-1C61-4B00-84F5-9509931BE237}.Release|ARM.Deploy.0 = Release|Any CPU
		{5CF2ED25-1C61-4B00-84F5-9509931BE237}.Release|iPhone.ActiveCfg = Release|Any CPU
		{5CF2ED25-1C61-4B00-84F5-9509931BE237}.Release|iPhone.Build.0 = Release|Any CPU
		{5CF2ED25-1C61-4B00-84F5-9509931BE237}.Release|iPhone.Deploy.0 = Release|Any CPU
		{5CF2ED25-1C61-4B00-84F5-9509931BE237}.Release|iPhoneSimulator.ActiveCfg = Release|Any CPU
		{5CF2ED25-1C61-4B00-84F5-9509931BE237}.Release|iPhoneSimulator.Build.0 = Release|Any CPU
		{5CF2ED25-1C61-4B00-84F5-9509931BE237}.Release|iPhoneSimulator.Deploy.0 = Release|Any CPU
		{5CF2ED25-1C61-4B00-84F5-9509931BE237}.Release|x64.ActiveCfg = Release|Any CPU
		{5CF2ED25-1C61-4B00-84F5-9509931BE237}.Release|x64.Build.0 = Release|Any CPU
		{5CF2ED25-1C61-4B00-84F5-9509931BE237}.Release|x64.Deploy.0 = Release|Any CPU
		{5CF2ED25-1C61-4B00-84F5-9509931BE237}.Release|x86.ActiveCfg = Release|Any CPU
		{5CF2ED25-1C61-4B00-84F5-9509931BE237}.Release|x86.Build.0 = Release|Any CPU
		{5CF2ED25-1C61-4B00-84F5-9509931BE237}.Release|x86.Deploy.0 = Release|Any CPU
		{6A8DB04D-57B6-4B75-A0A7-CBD7D0500790}.Debug|Any CPU.ActiveCfg = Debug|iPhoneSimulator
		{6A8DB04D-57B6-4B75-A0A7-CBD7D0500790}.Debug|Any CPU.Build.0 = Debug|iPhoneSimulator
		{6A8DB04D-57B6-4B75-A0A7-CBD7D0500790}.Debug|Any CPU.Deploy.0 = Debug|iPhoneSimulator
		{6A8DB04D-57B6-4B75-A0A7-CBD7D0500790}.Debug|ARM.ActiveCfg = Debug|iPhoneSimulator
		{6A8DB04D-57B6-4B75-A0A7-CBD7D0500790}.Debug|ARM.Build.0 = Debug|iPhoneSimulator
		{6A8DB04D-57B6-4B75-A0A7-CBD7D0500790}.Debug|ARM.Deploy.0 = Debug|iPhoneSimulator
		{6A8DB04D-57B6-4B75-A0A7-CBD7D0500790}.Debug|iPhone.ActiveCfg = Debug|iPhone
		{6A8DB04D-57B6-4B75-A0A7-CBD7D0500790}.Debug|iPhone.Build.0 = Debug|iPhone
		{6A8DB04D-57B6-4B75-A0A7-CBD7D0500790}.Debug|iPhone.Deploy.0 = Debug|iPhone
		{6A8DB04D-57B6-4B75-A0A7-CBD7D0500790}.Debug|iPhoneSimulator.ActiveCfg = Debug|iPhoneSimulator
		{6A8DB04D-57B6-4B75-A0A7-CBD7D0500790}.Debug|iPhoneSimulator.Build.0 = Debug|iPhoneSimulator
		{6A8DB04D-57B6-4B75-A0A7-CBD7D0500790}.Debug|iPhoneSimulator.Deploy.0 = Debug|iPhoneSimulator
		{6A8DB04D-57B6-4B75-A0A7-CBD7D0500790}.Debug|x64.ActiveCfg = Debug|iPhone
		{6A8DB04D-57B6-4B75-A0A7-CBD7D0500790}.Debug|x64.Build.0 = Debug|iPhone
		{6A8DB04D-57B6-4B75-A0A7-CBD7D0500790}.Debug|x64.Deploy.0 = Debug|iPhone
		{6A8DB04D-57B6-4B75-A0A7-CBD7D0500790}.Debug|x86.ActiveCfg = Debug|iPhoneSimulator
		{6A8DB04D-57B6-4B75-A0A7-CBD7D0500790}.Debug|x86.Build.0 = Debug|iPhoneSimulator
		{6A8DB04D-57B6-4B75-A0A7-CBD7D0500790}.Debug|x86.Deploy.0 = Debug|iPhoneSimulator
		{6A8DB04D-57B6-4B75-A0A7-CBD7D0500790}.Release|Any CPU.ActiveCfg = Release|iPhoneSimulator
		{6A8DB04D-57B6-4B75-A0A7-CBD7D0500790}.Release|Any CPU.Build.0 = Release|iPhoneSimulator
		{6A8DB04D-57B6-4B75-A0A7-CBD7D0500790}.Release|Any CPU.Deploy.0 = Release|iPhoneSimulator
		{6A8DB04D-57B6-4B75-A0A7-CBD7D0500790}.Release|ARM.ActiveCfg = Release|iPhoneSimulator
		{6A8DB04D-57B6-4B75-A0A7-CBD7D0500790}.Release|ARM.Build.0 = Release|iPhoneSimulator
		{6A8DB04D-57B6-4B75-A0A7-CBD7D0500790}.Release|ARM.Deploy.0 = Release|iPhoneSimulator
		{6A8DB04D-57B6-4B75-A0A7-CBD7D0500790}.Release|iPhone.ActiveCfg = Release|iPhone
		{6A8DB04D-57B6-4B75-A0A7-CBD7D0500790}.Release|iPhone.Build.0 = Release|iPhone
		{6A8DB04D-57B6-4B75-A0A7-CBD7D0500790}.Release|iPhone.Deploy.0 = Release|iPhone
		{6A8DB04D-57B6-4B75-A0A7-CBD7D0500790}.Release|iPhoneSimulator.ActiveCfg = Release|iPhoneSimulator
		{6A8DB04D-57B6-4B75-A0A7-CBD7D0500790}.Release|iPhoneSimulator.Build.0 = Release|iPhoneSimulator
		{6A8DB04D-57B6-4B75-A0A7-CBD7D0500790}.Release|iPhoneSimulator.Deploy.0 = Release|iPhoneSimulator
		{6A8DB04D-57B6-4B75-A0A7-CBD7D0500790}.Release|x64.ActiveCfg = Release|iPhoneSimulator
		{6A8DB04D-57B6-4B75-A0A7-CBD7D0500790}.Release|x64.Build.0 = Release|iPhoneSimulator
		{6A8DB04D-57B6-4B75-A0A7-CBD7D0500790}.Release|x64.Deploy.0 = Release|iPhoneSimulator
		{6A8DB04D-57B6-4B75-A0A7-CBD7D0500790}.Release|x86.ActiveCfg = Release|iPhoneSimulator
		{6A8DB04D-57B6-4B75-A0A7-CBD7D0500790}.Release|x86.Build.0 = Release|iPhoneSimulator
		{6A8DB04D-57B6-4B75-A0A7-CBD7D0500790}.Release|x86.Deploy.0 = Release|iPhoneSimulator
		{E3A2D630-8C13-42F0-9F96-B4957BEB6311}.Debug|Any CPU.ActiveCfg = Debug|Any CPU
		{E3A2D630-8C13-42F0-9F96-B4957BEB6311}.Debug|Any CPU.Build.0 = Debug|Any CPU
		{E3A2D630-8C13-42F0-9F96-B4957BEB6311}.Debug|Any CPU.Deploy.0 = Debug|Any CPU
		{E3A2D630-8C13-42F0-9F96-B4957BEB6311}.Debug|ARM.ActiveCfg = Debug|Any CPU
		{E3A2D630-8C13-42F0-9F96-B4957BEB6311}.Debug|ARM.Build.0 = Debug|Any CPU
		{E3A2D630-8C13-42F0-9F96-B4957BEB6311}.Debug|ARM.Deploy.0 = Debug|Any CPU
		{E3A2D630-8C13-42F0-9F96-B4957BEB6311}.Debug|iPhone.ActiveCfg = Debug|Any CPU
		{E3A2D630-8C13-42F0-9F96-B4957BEB6311}.Debug|iPhone.Build.0 = Debug|Any CPU
		{E3A2D630-8C13-42F0-9F96-B4957BEB6311}.Debug|iPhone.Deploy.0 = Debug|Any CPU
		{E3A2D630-8C13-42F0-9F96-B4957BEB6311}.Debug|iPhoneSimulator.ActiveCfg = Debug|Any CPU
		{E3A2D630-8C13-42F0-9F96-B4957BEB6311}.Debug|iPhoneSimulator.Build.0 = Debug|Any CPU
		{E3A2D630-8C13-42F0-9F96-B4957BEB6311}.Debug|iPhoneSimulator.Deploy.0 = Debug|Any CPU
		{E3A2D630-8C13-42F0-9F96-B4957BEB6311}.Debug|x64.ActiveCfg = Debug|Any CPU
		{E3A2D630-8C13-42F0-9F96-B4957BEB6311}.Debug|x64.Build.0 = Debug|Any CPU
		{E3A2D630-8C13-42F0-9F96-B4957BEB6311}.Debug|x64.Deploy.0 = Debug|Any CPU
		{E3A2D630-8C13-42F0-9F96-B4957BEB6311}.Debug|x86.ActiveCfg = Debug|Any CPU
		{E3A2D630-8C13-42F0-9F96-B4957BEB6311}.Debug|x86.Build.0 = Debug|Any CPU
		{E3A2D630-8C13-42F0-9F96-B4957BEB6311}.Debug|x86.Deploy.0 = Debug|Any CPU
		{E3A2D630-8C13-42F0-9F96-B4957BEB6311}.Release|Any CPU.ActiveCfg = Release|Any CPU
		{E3A2D630-8C13-42F0-9F96-B4957BEB6311}.Release|Any CPU.Build.0 = Release|Any CPU
		{E3A2D630-8C13-42F0-9F96-B4957BEB6311}.Release|Any CPU.Deploy.0 = Release|Any CPU
		{E3A2D630-8C13-42F0-9F96-B4957BEB6311}.Release|ARM.ActiveCfg = Release|Any CPU
		{E3A2D630-8C13-42F0-9F96-B4957BEB6311}.Release|ARM.Build.0 = Release|Any CPU
		{E3A2D630-8C13-42F0-9F96-B4957BEB6311}.Release|ARM.Deploy.0 = Release|Any CPU
		{E3A2D630-8C13-42F0-9F96-B4957BEB6311}.Release|iPhone.ActiveCfg = Release|Any CPU
		{E3A2D630-8C13-42F0-9F96-B4957BEB6311}.Release|iPhone.Build.0 = Release|Any CPU
		{E3A2D630-8C13-42F0-9F96-B4957BEB6311}.Release|iPhone.Deploy.0 = Release|Any CPU
		{E3A2D630-8C13-42F0-9F96-B4957BEB6311}.Release|iPhoneSimulator.ActiveCfg = Release|Any CPU
		{E3A2D630-8C13-42F0-9F96-B4957BEB6311}.Release|iPhoneSimulator.Build.0 = Release|Any CPU
		{E3A2D630-8C13-42F0-9F96-B4957BEB6311}.Release|iPhoneSimulator.Deploy.0 = Release|Any CPU
		{E3A2D630-8C13-42F0-9F96-B4957BEB6311}.Release|x64.ActiveCfg = Release|Any CPU
		{E3A2D630-8C13-42F0-9F96-B4957BEB6311}.Release|x64.Build.0 = Release|Any CPU
		{E3A2D630-8C13-42F0-9F96-B4957BEB6311}.Release|x64.Deploy.0 = Release|Any CPU
		{E3A2D630-8C13-42F0-9F96-B4957BEB6311}.Release|x86.ActiveCfg = Release|Any CPU
		{E3A2D630-8C13-42F0-9F96-B4957BEB6311}.Release|x86.Build.0 = Release|Any CPU
		{E3A2D630-8C13-42F0-9F96-B4957BEB6311}.Release|x86.Deploy.0 = Release|Any CPU
	EndGlobalSection
	GlobalSection(SolutionProperties) = preSolution
		HideSolutionNode = FALSE
	EndGlobalSection
	GlobalSection(ExtensibilityGlobals) = postSolution
		SolutionGuid = {D1092E9B-0D30-4E00-A1A2-142DA4CD2EC6}
	EndGlobalSection
EndGlobal
